github.com/unixlinuxgeek/dimsconv v0.1.0 h1:f5301W3PTuDOZHsrOo/3D3vD1aDDFYNf/TFdIA960Qk=
github.com/unixlinuxgeek/dimsconv v0.1.0/go.mod h1:S9faaF9Wj0kK0f5CL0aPVjomzqWa7VRq+7yWt6iuep0=
github.com/unixlinuxgeek/dimsconv v0.1.5 h1:PS0HabsuCvSN9GyLH9DfhqogStHDugC412wFlE3CGCI=
github.com/unixlinuxgeek/dimsconv v0.1.5/go.mod h1:S9faaF9Wj0kK0f5CL0aPVjomzqWa7VRq+7yWt6iuep0=
github.com/unixlinuxgeek/lenconv v0.1.0 h1:c3q+iG58Kixid7jo7gbWuYRY3m+vw1gpSPGeT3/Hujs=
github.com/unixlinuxgeek/lenconv v0.1.0/go.mod h1:iXNu8MKyx0vml2UwDPO03VvrTwahcAPblO9W4wun2j8=
github.com/unixlinuxgeek/lenconv v0.1.1 h1:vy7HRwkUbLRwjAfZBzEq9JT9AMTPGIkutOlfyuImWHU=
github.com/unixlinuxgeek/lenconv v0.1.1/go.mod h1:IJdInk17GTqnLc1+D0BpMBUMI8SawCU5n6gK8o3yo2s=
github.com/unixlinuxgeek/lenconv v0.1.7 h1:bB53yMpz8Ht2t85RrAduiZtw1Io7k6uS8Ao4X/0Rjns=
github.com/unixlinuxgeek/lenconv v0.1.7/go.mod h1:IJdInk17GTqnLc1+D0BpMBUMI8SawCU5n6gK8o3yo2s=
github.com/unixlinuxgeek/tempconv v0.3.2 h1:ChGFCQGQiWJrvUDPh8vIRyEdKZ+9LV6xjpCXx0zIJwc=
github.com/unixlinuxgeek/tempconv v0.3.2/go.mod h1:2nh0Jl7lr18LomnhwS+Wo7qYZN0dcUG9r7Xsq27KdBk=
github.com/unixlinuxgeek/wtconv v0.1.4 h1:ta7uQpJbnuuRFHQZ6Kj9eK6RgQDYdUAfQtjlHsBEip8=
github.com/unixlinuxgeek/wtconv v0.1.4/go.mod h1:eBa0TNuvWIDsPABy9VoFi0LoGJ+CUXr9v611yeXX4aw=
